// !$*UTF8*$!
{
	archiveVersion = 1;
	classes = {
	};
	objectVersion = 46;
	objects = {

/* Begin PBXBuildFile section */
		1A94656D1EAE27D10074E5C2 /* main.m in Sources */ = {isa = PBXBuildFile; fileRef = 1A94656C1EAE27D10074E5C2 /* main.m */; };
		1A9465701EAE27D10074E5C2 /* AppDelegate.m in Sources */ = {isa = PBXBuildFile; fileRef = 1A94656F1EAE27D10074E5C2 /* AppDelegate.m */; };
		1A9465731EAE27D10074E5C2 /* ViewController.m in Sources */ = {isa = PBXBuildFile; fileRef = 1A9465721EAE27D10074E5C2 /* ViewController.m */; };
		1A9465761EAE27D10074E5C2 /* Main.storyboard in Resources */ = {isa = PBXBuildFile; fileRef = 1A9465741EAE27D10074E5C2 /* Main.storyboard */; };
		1A94657B1EAE27D10074E5C2 /* LaunchScreen.storyboard in Resources */ = {isa = PBXBuildFile; fileRef = 1A9465791EAE27D10074E5C2 /* LaunchScreen.storyboard */; };
		1A9465831EAE27F10074E5C2 /* Assets.xcassets in Resources */ = {isa = PBXBuildFile; fileRef = 1A9465821EAE27F10074E5C2 /* Assets.xcassets */; };
		1A9465861EAE28B60074E5C2 /* shufflingView.m in Sources */ = {isa = PBXBuildFile; fileRef = 1A9465851EAE28B60074E5C2 /* shufflingView.m */; };
/* End PBXBuildFile section */

/* Begin PBXFileReference section */
		1A9465681EAE27D10074E5C2 /* imageShuffling.app */ = {isa = PBXFileReference; explicitFileType = wrapper.application; includeInIndex = 0; path = imageShuffling.app; sourceTree = BUILT_PRODUCTS_DIR; };
		1A94656C1EAE27D10074E5C2 /* main.m */ = {isa = PBXFileReference; lastKnownFileType = sourcecode.c.objc; path = main.m; sourceTree = "<group>"; };
		1A94656E1EAE27D10074E5C2 /* AppDelegate.h */ = {isa = PBXFileReference; lastKnownFileType = sourcecode.c.h; path = AppDelegate.h; sourceTree = "<group>"; };
		1A94656F1EAE27D10074E5C2 /* AppDelegate.m */ = {isa = PBXFileReference; lastKnownFileType = sourcecode.c.objc; path = AppDelegate.m; sourceTree = "<group>"; };
		1A9465711EAE27D10074E5C2 /* ViewController.h */ = {isa = PBXFileReference; lastKnownFileType = sourcecode.c.h; path = ViewController.h; sourceTree = "<group>"; };
		1A9465721EAE27D10074E5C2 /* ViewController.m */ = {isa = PBXFileReference; lastKnownFileType = sourcecode.c.objc; path = ViewController.m; sourceTree = "<group>"; };
		1A9465751EAE27D10074E5C2 /* Base */ = {isa = PBXFileReference; lastKnownFileType = file.storyboard; name = Base; path = Base.lproj/Main.storyboard; sourceTree = "<group>"; };
		1A94657A1EAE27D10074E5C2 /* Base */ = {isa = PBXFileReference; lastKnownFileType = file.storyboard; name = Base; path = Base.lproj/LaunchScreen.storyboard; sourceTree = "<group>"; };
		1A94657C1EAE27D10074E5C2 /* Info.plist */ = {isa = PBXFileReference; lastKnownFileType = text.plist.xml; path = Info.plist; sourceTree = "<group>"; };
		1A9465821EAE27F10074E5C2 /* Assets.xcassets */ = {isa = PBXFileReference; lastKnownFileType = folder.assetcatalog; path = Assets.xcassets; sourceTree = "<group>"; };
		1A9465841EAE28B60074E5C2 /* shufflingView.h */ = {isa = PBXFileReference; fileEncoding = 4; lastKnownFileType = sourcecode.c.h; path = shufflingView.h; sourceTree = "<group>"; };
		1A9465851EAE28B60074E5C2 /* shufflingView.m */ = {isa = PBXFileReference; fileEncoding = 4; lastKnownFileType = sourcecode.c.objc; path = shufflingView.m; sourceTree = "<group>"; };
/* End PBXFileReference section */

/* Begin PBXFrameworksBuildPhase section */
		1A9465651EAE27D10074E5C2 /* Frameworks */ = {
			isa = PBXFrameworksBuildPhase;
			buildActionMask = 2147483647;
			files = (
			);
			runOnlyForDeploymentPostprocessing = 0;
		};
/* End PBXFrameworksBuildPhase section */

/* Begin PBXGroup section */
		1A94655F1EAE27D00074E5C2 = {
			isa = PBXGroup;
			children = (
				1A94656A1EAE27D10074E5C2 /* imageShuffling */,
				1A9465691EAE27D10074E5C2 /* Products */,
			);
			sourceTree = "<group>";
		};
		1A9465691EAE27D10074E5C2 /* Products */ = {
			isa = PBXGroup;
			children = (
				1A9465681EAE27D10074E5C2 /* imageShuffling.app */,
			);
			name = Products;
			sourceTree = "<group>";
		};
		1A94656A1EAE27D10074E5C2 /* imageShuffling */ = {
			isa = PBXGroup;
			children = (
				1A9465841EAE28B60074E5C2 /* shufflingView.h */,
				1A9465851EAE28B60074E5C2 /* shufflingView.m */,
				1A9465711EAE27D10074E5C2 /* ViewController.h */,
				1A9465721EAE27D10074E5C2 /* ViewController.m */,
				1A94656B1EAE27D10074E5C2 /* Supporting Files */,
			);
			path = imageShuffling;
			sourceTree = "<group>";
		};
		1A94656B1EAE27D10074E5C2 /* Supporting Files */ = {
			isa = PBXGroup;
			children = (
				1A94656E1EAE27D10074E5C2 /* AppDelegate.h */,
				1A94656F1EAE27D10074E5C2 /* AppDelegate.m */,
				1A9465821EAE27F10074E5C2 /* Assets.xcassets */,
				1A9465741EAE27D10074E5C2 /* Main.storyboard */,
				1A9465791EAE27D10074E5C2 /* LaunchScreen.storyboard */,
				1A94657C1EAE27D10074E5C2 /* Info.plist */,
				1A94656C1EAE27D10074E5C2 /* main.m */,
			);
			name = "Supporting Files";
			sourceTree = "<group>";
		};
/* End PBXGroup section */

/* Begin PBXNativeTarget section */
		1A9465671EAE27D10074E5C2 /* imageShuffling */ = {
			isa = PBXNativeTarget;
			buildConfigurationList = 1A94657F1EAE27D10074E5C2 /* Build configuration list for PBXNativeTarget "imageShuffling" */;
			buildPhases = (
				1A9465641EAE27D10074E5C2 /* Sources */,
				1A9465651EAE27D10074E5C2 /* Frameworks */,
				1A9465661EAE27D10074E5C2 /* Resources */,
			);
			buildRules = (
			);
			dependencies = (
			);
			name = imageShuffling;
			productName = imageShuffling;
			productReference = 1A9465681EAE27D10074E5C2 /* imageShuffling.app */;
			productType = "com.apple.product-type.application";
		};
/* End PBXNativeTarget section */

/* Begin PBXProject section */
		1A9465601EAE27D00074E5C2 /* Project object */ = {
			isa = PBXProject;
			attributes = {
				LastUpgradeCheck = 0830;
				ORGANIZATIONNAME = oragekk;
				TargetAttributes = {
					1A9465671EAE27D10074E5C2 = {
						CreatedOnToolsVersion = 8.3.2;
						ProvisioningStyle = Automatic;
					};
				};
			};
			buildConfigurationList = 1A9465631EAE27D00074E5C2 /* Build configuration list for PBXProject "imageShuffling" */;
			compatibilityVersion = "Xcode 3.2";
			developmentRegion = English;
			hasScannedForEncodings = 0;
			knownRegions = (
				en,
				Base,
			);
			mainGroup = 1A94655F1EAE27D00074E5C2;
			productRefGroup = 1A9465691EAE27D10074E5C2 /* Products */;
			projectDirPath = "";
			projectRoot = "";
			targets = (
				1A9465671EAE27D10074E5C2 /* imageShuffling */,
			);
		};
/* End PBXProject section */

/* Begin PBXResourcesBuildPhase section */
		1A9465661EAE27D10074E5C2 /* Resources */ = {
			isa = PBXResourcesBuildPhase;
			buildActionMask = 2147483647;
			files = (
				1A94657B1EAE27D10074E5C2 /* LaunchScreen.storyboard in Resources */,
				1A9465831EAE27F10074E5C2 /* Assets.xcassets in Resources */,
				1A9465761EAE27D10074E5C2 /* Main.storyboard in Resources */,
			);
			runOnlyForDeploymentPostprocessing = 0;
		};
/* End PBXResourcesBuildPhase section */

/* Begin PBXSourcesBuildPhase section */
		1A9465641EAE27D10074E5C2 /* Sources */ = {
			isa = PBXSourcesBuildPhase;
			buildActionMask = 2147483647;
			files = (
				1A9465731EAE27D10074E5C2 /* ViewController.m in Sources */,
				1A9465701EAE27D10074E5C2 /* AppDelegate.m in Sources */,
				1A94656D1EAE27D10074E5C2 /* main.m in Sources */,
				1A9465861EAE28B60074E5C2 /* shufflingView.m in Sources */,
			);
			runOnlyForDeploymentPostprocessing = 0;
		};
/* End PBXSourcesBuildPhase section */

/* Begin PBXVariantGroup section */
		1A9465741EAE27D10074E5C2 /* Main.storyboard */ = {
			isa = PBXVariantGroup;
			children = (
				1A9465751EAE27D10074E5C2 /* Base */,
			);
			name = Main.storyboard;
			sourceTree = "<group>";
		};
		1A9465791EAE27D10074E5C2 /* LaunchScreen.storyboard */ = {
			isa = PBXVariantGroup;
			children = (
				1A94657A1EAE27D10074E5C2 /* Base */,
			);
			name = LaunchScreen.storyboard;
			sourceTree = "<group>";
		};
/* End PBXVariantGroup section */

/* Begin XCBuildConfiguration section */
		1A94657D1EAE27D10074E5C2 /* Debug */ = {
			isa = XCBuildConfiguration;
			buildSettings = {
				ALWAYS_SEARCH_USER_PATHS = NO;
				CLANG_ANALYZER_NONNULL = YES;
				CLANG_ANALYZER_NUMBER_OBJECT_CONVERSION = YES_AGGRESSIVE;
				CLANG_CXX_LANGUAGE_STANDARD = "gnu++0x";
				CLANG_CXX_LIBRARY = "libc++";
				CLANG_ENABLE_MODULES = YES;
				CLANG_ENABLE_OBJC_ARC = YES;
				CLANG_WARN_BOOL_CONVERSION = YES;
				CLANG_WARN_CONSTANT_CONVERSION = YES;
				CLANG_WARN_DIRECT_OBJC_ISA_USAGE = YES_ERROR;
				CLANG_WARN_DOCUMENTATION_COMMENTS = YES;
				CLANG_WARN_EMPTY_BODY = YES;
				CLANG_WARN_ENUM_CONVERSION = YES;
				CLANG_WARN_INFINITE_RECURSION = YES;
				CLANG_WARN_INT_CONVERSION = YES;
				CLANG_WARN_OBJC_ROOT_CLASS = YES_ERROR;
				CLANG_WARN_SUSPICIOUS_MOVE = YES;
				CLANG_WARN_UNREACHABLE_CODE = YES;
				CLANG_WARN__DUPLICATE_METHOD_MATCH = YES;
				"CODE_SIGN_IDENTITY[sdk=iphoneos*]" = "iPhone Developer";
				COPY_PHASE_STRIP = NO;
				DEBUG_INFORMATION_FORMAT = dwarf;
				ENABLE_STRICT_OBJC_MSGSEND = YES;
				ENABLE_TESTABILITY = YES;
				GCC_C_LANGUAGE_STANDARD = gnu99;
				GCC_DYNAMIC_NO_PIC = NO;
				GCC_NO_COMMON_BLOCKS = YES;
				GCC_OPTIMIZATION_LEVEL = 0;
				GCC_PREPROCESSOR_DEFINITIONS = (
					"DEBUG=1",
					"$(inherited)",
				);
				GCC_WARN_64_TO_32_BIT_CONVERSION = YES;
				GCC_WARN_ABOUT_RETURN_TYPE = YES_ERROR;
				GCC_WARN_UNDECLARED_SELECTOR = YES;
				GCC_WARN_UNINITIALIZED_AUTOS = YES_AGGRESSIVE;
				GCC_WARN_UNUSED_FUNCTION = YES;
				GCC_WARN_UNUSED_VARIABLE = YES;
				IPHONEOS_DEPLOYMENT_TARGET = 10.3;
				MTL_ENABLE_DEBUG_INFO = YES;
				ONLY_ACTIVE_ARCH = YES;
				SDKROOT = iphoneos;
			};
			name = Debug;
		};
		1A94657E1EAE27D10074E5C2 /* Release */ = {
			isa = XCBuildConfiguration;
			buildSettings = {
				ALWAYS_SEARCH_USER_PATHS = NO;
				CLANG_ANALYZER_NONNULL = YES;
				CLANG_ANALYZER_NUMBER_OBJECT_CONVERSION = YES_AGGRESSIVE;
				CLANG_CXX_LANGUAGE_STANDARD = "gnu++0x";
				CLANG_CXX_LIBRARY = "libc++";
				CLANG_ENABLE_MODULES = YES;
				CLANG_ENABLE_OBJC_ARC = YES;
				CLANG_WARN_BOOL_CONVERSION = YES;
				CLANG_WARN_CONSTANT_CONVERSION = YES;
				CLANG_WARN_DIRECT_OBJC_ISA_USAGE = YES_ERROR;
				CLANG_WARN_DOCUMENTATION_COMMENTS = YES;
				CLANG_WARN_EMPTY_BODY = YES;
				CLANG_WARN_ENUM_CONVERSION = YES;
				CLANG_WARN_INFINITE_RECURSION = YES;
				CLANG_WARN_INT_CONVERSION = YES;
				CLANG_WARN_OBJC_ROOT_CLASS = YES_ERROR;
				CLANG_WARN_SUSPICIOUS_MOVE = YES;
				CLANG_WARN_UNREACHABLE_CODE = YES;
				CLANG_WARN__DUPLICATE_METHOD_MATCH = YES;
				"CODE_SIGN_IDENTITY[sdk=iphoneos*]" = "iPhone Developer";
				COPY_PHASE_STRIP = NO;
				DEBUG_INFORMATION_FORMAT = "dwarf-with-dsym";
				ENABLE_NS_ASSERTIONS = NO;
				ENABLE_STRICT_OBJC_MSGSEND = YES;
				GCC_C_LANGUAGE_STANDARD = gnu99;
				GCC_NO_COMMON_BLOCKS = YES;
				GCC_WARN_64_TO_32_BIT_CONVERSION = YES;
				GCC_WARN_ABOUT_RETURN_TYPE = YES_ERROR;
				GCC_WARN_UNDECLARED_SELECTOR = YES;
				GCC_WARN_UNINITIALIZED_AUTOS = YES_AGGRESSIVE;
				GCC_WARN_UNUSED_FUNCTION = YES;
				GCC_WARN_UNUSED_VARIABLE = YES;
				IPHONEOS_DEPLOYMENT_TARGET = 10.3;
				MTL_ENABLE_DEBUG_INFO = NO;
				SDKROOT = iphoneos;
				VALIDATE_PRODUCT = YES;
			};
			name = Release;
		};
		1A9465801EAE27D10074E5C2 /* Debug */ = {
			isa = XCBuildConfiguration;
			buildSettings = {
				ASSETCATALOG_COMPILER_APPICON_NAME = AppIcon;
				INFOPLIST_FILE = imageShuffling/Info.plist;
				IPHONEOS_DEPLOYMENT_TARGET = 9.3;
				LD_RUNPATH_SEARCH_PATHS = "$(inherited) @executable_path/Frameworks";
				PRODUCT_BUNDLE_IDENTIFIER = com.oragekk.imageShuffling;
				PRODUCT_NAME = "$(TARGET_NAME)";
			};
			name = Debug;
		};
		1A9465811EAE27D10074E5C2 /* Release */ = {
			isa = XCBuildConfiguration;
			buildSettings = {
				ASSETCATALOG_COMPILER_APPICON_NAME = AppIcon;
				INFOPLIST_FILE = imageShuffling/Info.plist;
				IPHONEOS_DEPLOYMENT_TARGET = 9.3;
				LD_RUNPATH_SEARCH_PATHS = "$(inherited) @executable_path/Frameworks";
				PRODUCT_BUNDLE_IDENTIFIER = com.oragekk.imageShuffling;
				PRODUCT_NAME = "$(TARGET_NAME)";
			};
			name = Release;
		};
/* End XCBuildConfiguration section */

/* Begin XCConfigurationList section */
		1A9465631EAE27D00074E5C2 /* Build configuration list for PBXProject "imageShuffling" */ = {
			isa = XCConfigurationList;
			buildConfigurations = (
				1A94657D1EAE27D10074E5C2 /* Debug */,
				1A94657E1EAE27D10074E5C2 /* Release */,
			);
			defaultConfigurationIsVisible = 0;
			defaultConfigurationName = Release;
		};
		1A94657F1EAE27D10074E5C2 /* Build configuration list for PBXNativeTarget "imageShuffling" */ = {
			isa = XCConfigurationList;
			buildConfigurations = (
				1A9465801EAE27D10074E5C2 /* Debug */,
				1A9465811EAE27D10074E5C2 /* Release */,
			);
			defaultConfigurationIsVisible = 0;
			defaultConfigurationName = Release;
		};
/* End XCConfigurationList section */
	};
	rootObject = 1A9465601EAE27D00074E5C2 /* Project object */;
}
